
Microsoft Visual Studio Solution File, Format Version 12.00
# Visual Studio Version 16
VisualStudioVersion = 16.0.30804.86
MinimumVisualStudioVersion = 10.0.40219.1
Project("{FAE04EC0-301F-11D3-BF4B-00C04F79EFBC}") = "Api.UoW.Repository", "Api.UoW.Repository\Api.UoW.Repository.csproj", "{8065D11B-F9B9-489A-AA15-588BA543BE22}"
EndProject
Global
	GlobalSection(SolutionConfigurationPlatforms) = preSolution
		Debug|Any CPU = Debug|Any CPU
		Release|Any CPU = Release|Any CPU
	EndGlobalSection
	GlobalSection(ProjectConfigurationPlatforms) = postSolution
		{8065D11B-F9B9-489A-AA15-588BA543BE22}.Debug|Any CPU.ActiveCfg = Debug|Any CPU
		{8065D11B-F9B9-489A-AA15-588BA543BE22}.Debug|Any CPU.Build.0 = Debug|Any CPU
		{8065D11B-F9B9-489A-AA15-588BA543BE22}.Release|Any CPU.ActiveCfg = Release|Any CPU
		{8065D11B-F9B9-489A-AA15-588BA543BE22}.Release|Any CPU.Build.0 = Release|Any CPU
	EndGlobalSection
	GlobalSection(SolutionProperties) = preSolution
		HideSolutionNode = FALSE
	EndGlobalSection
	GlobalSection(ExtensibilityGlobals) = postSolution
		SolutionGuid = {73A7D748-7891-4AB0-9838-FB5638C7175D}
	EndGlobalSection
EndGlobal
