
Microsoft Visual Studio Solution File, Format Version 12.00
# Visual Studio Version 16
VisualStudioVersion = 16.0.30804.86
MinimumVisualStudioVersion = 10.0.40219.1
Project("{FAE04EC0-301F-11D3-BF4B-00C04F79EFBC}") = "EFCORE.TESTS", "EFCORE.TESTS\EFCORE.TESTS.csproj", "{81D47C70-308C-475D-8C42-A5D7B10F941D}"
EndProject
Global
	GlobalSection(SolutionConfigurationPlatforms) = preSolution
		Debug|Any CPU = Debug|Any CPU
		Release|Any CPU = Release|Any CPU
	EndGlobalSection
	GlobalSection(ProjectConfigurationPlatforms) = postSolution
		{81D47C70-308C-475D-8C42-A5D7B10F941D}.Debug|Any CPU.ActiveCfg = Debug|Any CPU
		{81D47C70-308C-475D-8C42-A5D7B10F941D}.Debug|Any CPU.Build.0 = Debug|Any CPU
		{81D47C70-308C-475D-8C42-A5D7B10F941D}.Release|Any CPU.ActiveCfg = Release|Any CPU
		{81D47C70-308C-475D-8C42-A5D7B10F941D}.Release|Any CPU.Build.0 = Release|Any CPU
	EndGlobalSection
	GlobalSection(SolutionProperties) = preSolution
		HideSolutionNode = FALSE
	EndGlobalSection
	GlobalSection(ExtensibilityGlobals) = postSolution
		SolutionGuid = {95DCB8A6-83C6-488D-B2CC-31BF892FA2B2}
	EndGlobalSection
EndGlobal
