
Microsoft Visual Studio Solution File, Format Version 12.00
# Visual Studio Version 16
VisualStudioVersion = 16.0.30804.86
MinimumVisualStudioVersion = 10.0.40219.1
Project("{FAE04EC0-301F-11D3-BF4B-00C04F79EFBC}") = "Comportamentos_EF_Core", "Comportamentos_EF_Core\Comportamentos_EF_Core.csproj", "{69BC6525-97E6-499B-9414-003735AAFEED}"
EndProject
Global
	GlobalSection(SolutionConfigurationPlatforms) = preSolution
		Debug|Any CPU = Debug|Any CPU
		Release|Any CPU = Release|Any CPU
	EndGlobalSection
	GlobalSection(ProjectConfigurationPlatforms) = postSolution
		{69BC6525-97E6-499B-9414-003735AAFEED}.Debug|Any CPU.ActiveCfg = Debug|Any CPU
		{69BC6525-97E6-499B-9414-003735AAFEED}.Debug|Any CPU.Build.0 = Debug|Any CPU
		{69BC6525-97E6-499B-9414-003735AAFEED}.Release|Any CPU.ActiveCfg = Release|Any CPU
		{69BC6525-97E6-499B-9414-003735AAFEED}.Release|Any CPU.Build.0 = Release|Any CPU
	EndGlobalSection
	GlobalSection(SolutionProperties) = preSolution
		HideSolutionNode = FALSE
	EndGlobalSection
	GlobalSection(ExtensibilityGlobals) = postSolution
		SolutionGuid = {7B66A9B2-DB94-421C-9A77-67D3F7FD9014}
	EndGlobalSection
EndGlobal
